
Microsoft Visual Studio Solution File, Format Version 12.00
# Visual Studio Version 16
VisualStudioVersion = 16.0.28803.202
MinimumVisualStudioVersion = 10.0.40219.1
Project("{9A19103F-16F7-4668-BE54-9A1E7A4F7556}") = "LogoPaasSampleApp", "LogoPaasSampleApp.csproj", "{08443DEF-7F14-4DD5-A908-3604FB4649FF}"
EndProject
Global
	GlobalSection(SolutionConfigurationPlatforms) = preSolution
		Debug|Any CPU = Debug|Any CPU
		Release_wo_docker|Any CPU = Release_wo_docker|Any CPU
		Release|Any CPU = Release|Any CPU
	EndGlobalSection
	GlobalSection(ProjectConfigurationPlatforms) = postSolution
		{08443DEF-7F14-4DD5-A908-3604FB4649FF}.Debug|Any CPU.ActiveCfg = Debug|Any CPU
		{08443DEF-7F14-4DD5-A908-3604FB4649FF}.Debug|Any CPU.Build.0 = Debug|Any CPU
		{08443DEF-7F14-4DD5-A908-3604FB4649FF}.Release_wo_docker|Any CPU.ActiveCfg = Release_wo_docker|Any CPU
		{08443DEF-7F14-4DD5-A908-3604FB4649FF}.Release_wo_docker|Any CPU.Build.0 = Release_wo_docker|Any CPU
		{08443DEF-7F14-4DD5-A908-3604FB4649FF}.Release|Any CPU.ActiveCfg = Release|Any CPU
		{08443DEF-7F14-4DD5-A908-3604FB4649FF}.Release|Any CPU.Build.0 = Release|Any CPU
	EndGlobalSection
	GlobalSection(SolutionProperties) = preSolution
		HideSolutionNode = FALSE
	EndGlobalSection
	GlobalSection(ExtensibilityGlobals) = postSolution
		SolutionGuid = {9F3AC26A-608E-488B-B16C-DCF6285AABF0}
	EndGlobalSection
EndGlobal
